
Microsoft Visual Studio Solution File, Format Version 12.00
# Visual Studio Version 17
VisualStudioVersion = 17.0.32112.339
MinimumVisualStudioVersion = 10.0.40219.1
Project("{FAE04EC0-301F-11D3-BF4B-00C04F79EFBC}") = "student database", "student database\student database.csproj", "{C69C3E76-DB37-49DE-B903-930D9EB8D401}"
EndProject
Global
	GlobalSection(SolutionConfigurationPlatforms) = preSolution
		Debug|Any CPU = Debug|Any CPU
		Release|Any CPU = Release|Any CPU
	EndGlobalSection
	GlobalSection(ProjectConfigurationPlatforms) = postSolution
		{C69C3E76-DB37-49DE-B903-930D9EB8D401}.Debug|Any CPU.ActiveCfg = Debug|Any CPU
		{C69C3E76-DB37-49DE-B903-930D9EB8D401}.Debug|Any CPU.Build.0 = Debug|Any CPU
		{C69C3E76-DB37-49DE-B903-930D9EB8D401}.Release|Any CPU.ActiveCfg = Release|Any CPU
		{C69C3E76-DB37-49DE-B903-930D9EB8D401}.Release|Any CPU.Build.0 = Release|Any CPU
	EndGlobalSection
	GlobalSection(SolutionProperties) = preSolution
		HideSolutionNode = FALSE
	EndGlobalSection
	GlobalSection(ExtensibilityGlobals) = postSolution
		SolutionGuid = {4F7ABCA0-5A46-4C5B-B513-D8BB6D3EC95F}
	EndGlobalSection
EndGlobal
